// !$*UTF8*$!
{
	archiveVersion = 1;
	classes = {
	};
	objectVersion = 52;
	objects = {

/* Begin PBXBuildFile section */
		1FA1C4B12679AB5800F29477 /* AppDelegate.swift in Sources */ = {isa = PBXBuildFile; fileRef = 1FA1C4B02679AB5800F29477 /* AppDelegate.swift */; };
		1FA1C4B32679AB5800F29477 /* SceneDelegate.swift in Sources */ = {isa = PBXBuildFile; fileRef = 1FA1C4B22679AB5800F29477 /* SceneDelegate.swift */; };
		1FA1C4B52679AB5800F29477 /* Sketch.swift in Sources */ = {isa = PBXBuildFile; fileRef = 1FA1C4B42679AB5800F29477 /* Sketch.swift */; };
		1FA1C4B82679AB5800F29477 /* Main.storyboard in Resources */ = {isa = PBXBuildFile; fileRef = 1FA1C4B62679AB5800F29477 /* Main.storyboard */; };
		1FA1C4BA2679AB5900F29477 /* Assets.xcassets in Resources */ = {isa = PBXBuildFile; fileRef = 1FA1C4B92679AB5900F29477 /* Assets.xcassets */; };
		1FA1C4BD2679AB5900F29477 /* LaunchScreen.storyboard in Resources */ = {isa = PBXBuildFile; fileRef = 1FA1C4BB2679AB5900F29477 /* LaunchScreen.storyboard */; };
		1FA1C4C72679AD1D00F29477 /* SwiftProcessing in Frameworks */ = {isa = PBXBuildFile; productRef = 1FA1C4C62679AD1D00F29477 /* SwiftProcessing */; };
/* End PBXBuildFile section */

/* Begin PBXFileReference section */
		1FA1C4AD2679AB5800F29477 /* Swift-Processing-Template-w-Playground.app */ = {isa = PBXFileReference; explicitFileType = wrapper.application; includeInIndex = 0; path = "Swift-Processing-Template-w-Playground.app"; sourceTree = BUILT_PRODUCTS_DIR; };
		1FA1C4B02679AB5800F29477 /* AppDelegate.swift */ = {isa = PBXFileReference; lastKnownFileType = sourcecode.swift; path = AppDelegate.swift; sourceTree = "<group>"; };
		1FA1C4B22679AB5800F29477 /* SceneDelegate.swift */ = {isa = PBXFileReference; lastKnownFileType = sourcecode.swift; path = SceneDelegate.swift; sourceTree = "<group>"; };
		1FA1C4B42679AB5800F29477 /* Sketch.swift */ = {isa = PBXFileReference; lastKnownFileType = sourcecode.swift; path = Sketch.swift; sourceTree = "<group>"; };
		1FA1C4B72679AB5800F29477 /* Base */ = {isa = PBXFileReference; lastKnownFileType = file.storyboard; name = Base; path = Base.lproj/Main.storyboard; sourceTree = "<group>"; };
		1FA1C4B92679AB5900F29477 /* Assets.xcassets */ = {isa = PBXFileReference; lastKnownFileType = folder.assetcatalog; path = Assets.xcassets; sourceTree = "<group>"; };
		1FA1C4BC2679AB5900F29477 /* Base */ = {isa = PBXFileReference; lastKnownFileType = file.storyboard; name = Base; path = Base.lproj/LaunchScreen.storyboard; sourceTree = "<group>"; };
		1FA1C4BE2679AB5900F29477 /* Info.plist */ = {isa = PBXFileReference; lastKnownFileType = text.plist.xml; path = Info.plist; sourceTree = "<group>"; };
		1FA1C4C92679AD5000F29477 /* GettingStarted.playground */ = {isa = PBXFileReference; lastKnownFileType = file.playground; path = GettingStarted.playground; sourceTree = "<group>"; xcLanguageSpecificationIdentifier = xcode.lang.swift; };
/* End PBXFileReference section */

/* Begin PBXFrameworksBuildPhase section */
		1FA1C4AA2679AB5800F29477 /* Frameworks */ = {
			isa = PBXFrameworksBuildPhase;
			buildActionMask = 2147483647;
			files = (
				1FA1C4C72679AD1D00F29477 /* SwiftProcessing in Frameworks */,
			);
			runOnlyForDeploymentPostprocessing = 0;
		};
/* End PBXFrameworksBuildPhase section */

/* Begin PBXGroup section */
		1FA1C4A42679AB5800F29477 = {
			isa = PBXGroup;
			children = (
				1FA1C4C92679AD5000F29477 /* GettingStarted.playground */,
				1FA1C4AF2679AB5800F29477 /* Swift-Processing-Template-w-Playground */,
				1FA1C4AE2679AB5800F29477 /* Products */,
			);
			sourceTree = "<group>";
		};
		1FA1C4AE2679AB5800F29477 /* Products */ = {
			isa = PBXGroup;
			children = (
				1FA1C4AD2679AB5800F29477 /* Swift-Processing-Template-w-Playground.app */,
			);
			name = Products;
			sourceTree = "<group>";
		};
		1FA1C4AF2679AB5800F29477 /* Swift-Processing-Template-w-Playground */ = {
			isa = PBXGroup;
			children = (
				1FA1C4B02679AB5800F29477 /* AppDelegate.swift */,
				1FA1C4B22679AB5800F29477 /* SceneDelegate.swift */,
				1FA1C4B42679AB5800F29477 /* Sketch.swift */,
				1FA1C4B62679AB5800F29477 /* Main.storyboard */,
				1FA1C4B92679AB5900F29477 /* Assets.xcassets */,
				1FA1C4BB2679AB5900F29477 /* LaunchScreen.storyboard */,
				1FA1C4BE2679AB5900F29477 /* Info.plist */,
			);
			path = "Swift-Processing-Template-w-Playground";
			sourceTree = "<group>";
		};
/* End PBXGroup section */

/* Begin PBXNativeTarget section */
		1FA1C4AC2679AB5800F29477 /* Swift-Processing-Template-w-Playground */ = {
			isa = PBXNativeTarget;
			buildConfigurationList = 1FA1C4C12679AB5900F29477 /* Build configuration list for PBXNativeTarget "Swift-Processing-Template-w-Playground" */;
			buildPhases = (
				1FA1C4A92679AB5800F29477 /* Sources */,
				1FA1C4AA2679AB5800F29477 /* Frameworks */,
				1FA1C4AB2679AB5800F29477 /* Resources */,
			);
			buildRules = (
			);
			dependencies = (
			);
			name = "Swift-Processing-Template-w-Playground";
			packageProductDependencies = (
				1FA1C4C62679AD1D00F29477 /* SwiftProcessing */,
			);
			productName = "Swift-Processing-Template-w-Playground";
			productReference = 1FA1C4AD2679AB5800F29477 /* Swift-Processing-Template-w-Playground.app */;
			productType = "com.apple.product-type.application";
		};
/* End PBXNativeTarget section */

/* Begin PBXProject section */
		1FA1C4A52679AB5800F29477 /* Project object */ = {
			isa = PBXProject;
			attributes = {
				LastSwiftUpdateCheck = 1220;
				LastUpgradeCheck = 1220;
				TargetAttributes = {
					1FA1C4AC2679AB5800F29477 = {
						CreatedOnToolsVersion = 12.2;
					};
				};
			};
			buildConfigurationList = 1FA1C4A82679AB5800F29477 /* Build configuration list for PBXProject "Swift-Processing-Template-w-Playground" */;
			compatibilityVersion = "Xcode 9.3";
			developmentRegion = en;
			hasScannedForEncodings = 0;
			knownRegions = (
				en,
				Base,
			);
			mainGroup = 1FA1C4A42679AB5800F29477;
			packageReferences = (
				1FA1C4C52679AD1D00F29477 /* XCRemoteSwiftPackageReference "SwiftProcessing" */,
			);
			productRefGroup = 1FA1C4AE2679AB5800F29477 /* Products */;
			projectDirPath = "";
			projectRoot = "";
			targets = (
				1FA1C4AC2679AB5800F29477 /* Swift-Processing-Template-w-Playground */,
			);
		};
/* End PBXProject section */

/* Begin PBXResourcesBuildPhase section */
		1FA1C4AB2679AB5800F29477 /* Resources */ = {
			isa = PBXResourcesBuildPhase;
			buildActionMask = 2147483647;
			files = (
				1FA1C4BD2679AB5900F29477 /* LaunchScreen.storyboard in Resources */,
				1FA1C4BA2679AB5900F29477 /* Assets.xcassets in Resources */,
				1FA1C4B82679AB5800F29477 /* Main.storyboard in Resources */,
			);
			runOnlyForDeploymentPostprocessing = 0;
		};
/* End PBXResourcesBuildPhase section */

/* Begin PBXSourcesBuildPhase section */
		1FA1C4A92679AB5800F29477 /* Sources */ = {
			isa = PBXSourcesBuildPhase;
			buildActionMask = 2147483647;
			files = (
				1FA1C4B52679AB5800F29477 /* Sketch.swift in Sources */,
				1FA1C4B12679AB5800F29477 /* AppDelegate.swift in Sources */,
				1FA1C4B32679AB5800F29477 /* SceneDelegate.swift in Sources */,
			);
			runOnlyForDeploymentPostprocessing = 0;
		};
/* End PBXSourcesBuildPhase section */

/* Begin PBXVariantGroup section */
		1FA1C4B62679AB5800F29477 /* Main.storyboard */ = {
			isa = PBXVariantGroup;
			children = (
				1FA1C4B72679AB5800F29477 /* Base */,
			);
			name = Main.storyboard;
			sourceTree = "<group>";
		};
		1FA1C4BB2679AB5900F29477 /* LaunchScreen.storyboard */ = {
			isa = PBXVariantGroup;
			children = (
				1FA1C4BC2679AB5900F29477 /* Base */,
			);
			name = LaunchScreen.storyboard;
			sourceTree = "<group>";
		};
/* End PBXVariantGroup section */

/* Begin XCBuildConfiguration section */
		1FA1C4BF2679AB5900F29477 /* Debug */ = {
			isa = XCBuildConfiguration;
			buildSettings = {
				ALWAYS_SEARCH_USER_PATHS = NO;
				CLANG_ANALYZER_NONNULL = YES;
				CLANG_ANALYZER_NUMBER_OBJECT_CONVERSION = YES_AGGRESSIVE;
				CLANG_CXX_LANGUAGE_STANDARD = "gnu++14";
				CLANG_CXX_LIBRARY = "libc++";
				CLANG_ENABLE_MODULES = YES;
				CLANG_ENABLE_OBJC_ARC = YES;
				CLANG_ENABLE_OBJC_WEAK = YES;
				CLANG_WARN_BLOCK_CAPTURE_AUTORELEASING = YES;
				CLANG_WARN_BOOL_CONVERSION = YES;
				CLANG_WARN_COMMA = YES;
				CLANG_WARN_CONSTANT_CONVERSION = YES;
				CLANG_WARN_DEPRECATED_OBJC_IMPLEMENTATIONS = YES;
				CLANG_WARN_DIRECT_OBJC_ISA_USAGE = YES_ERROR;
				CLANG_WARN_DOCUMENTATION_COMMENTS = YES;
				CLANG_WARN_EMPTY_BODY = YES;
				CLANG_WARN_ENUM_CONVERSION = YES;
				CLANG_WARN_INFINITE_RECURSION = YES;
				CLANG_WARN_INT_CONVERSION = YES;
				CLANG_WARN_NON_LITERAL_NULL_CONVERSION = YES;
				CLANG_WARN_OBJC_IMPLICIT_RETAIN_SELF = YES;
				CLANG_WARN_OBJC_LITERAL_CONVERSION = YES;
				CLANG_WARN_OBJC_ROOT_CLASS = YES_ERROR;
				CLANG_WARN_QUOTED_INCLUDE_IN_FRAMEWORK_HEADER = YES;
				CLANG_WARN_RANGE_LOOP_ANALYSIS = YES;
				CLANG_WARN_STRICT_PROTOTYPES = YES;
				CLANG_WARN_SUSPICIOUS_MOVE = YES;
				CLANG_WARN_UNGUARDED_AVAILABILITY = YES_AGGRESSIVE;
				CLANG_WARN_UNREACHABLE_CODE = YES;
				CLANG_WARN__DUPLICATE_METHOD_MATCH = YES;
				COPY_PHASE_STRIP = NO;
				DEBUG_INFORMATION_FORMAT = dwarf;
				ENABLE_STRICT_OBJC_MSGSEND = YES;
				ENABLE_TESTABILITY = YES;
				GCC_C_LANGUAGE_STANDARD = gnu11;
				GCC_DYNAMIC_NO_PIC = NO;
				GCC_NO_COMMON_BLOCKS = YES;
				GCC_OPTIMIZATION_LEVEL = 0;
				GCC_PREPROCESSOR_DEFINITIONS = (
					"DEBUG=1",
					"$(inherited)",
				);
				GCC_WARN_64_TO_32_BIT_CONVERSION = YES;
				GCC_WARN_ABOUT_RETURN_TYPE = YES_ERROR;
				GCC_WARN_UNDECLARED_SELECTOR = YES;
				GCC_WARN_UNINITIALIZED_AUTOS = YES_AGGRESSIVE;
				GCC_WARN_UNUSED_FUNCTION = YES;
				GCC_WARN_UNUSED_VARIABLE = YES;
				IPHONEOS_DEPLOYMENT_TARGET = 14.2;
				MTL_ENABLE_DEBUG_INFO = INCLUDE_SOURCE;
				MTL_FAST_MATH = YES;
				ONLY_ACTIVE_ARCH = YES;
				SDKROOT = iphoneos;
				SWIFT_ACTIVE_COMPILATION_CONDITIONS = DEBUG;
				SWIFT_OPTIMIZATION_LEVEL = "-Onone";
			};
			name = Debug;
		};
		1FA1C4C02679AB5900F29477 /* Release */ = {
			isa = XCBuildConfiguration;
			buildSettings = {
				ALWAYS_SEARCH_USER_PATHS = NO;
				CLANG_ANALYZER_NONNULL = YES;
				CLANG_ANALYZER_NUMBER_OBJECT_CONVERSION = YES_AGGRESSIVE;
				CLANG_CXX_LANGUAGE_STANDARD = "gnu++14";
				CLANG_CXX_LIBRARY = "libc++";
				CLANG_ENABLE_MODULES = YES;
				CLANG_ENABLE_OBJC_ARC = YES;
				CLANG_ENABLE_OBJC_WEAK = YES;
				CLANG_WARN_BLOCK_CAPTURE_AUTORELEASING = YES;
				CLANG_WARN_BOOL_CONVERSION = YES;
				CLANG_WARN_COMMA = YES;
				CLANG_WARN_CONSTANT_CONVERSION = YES;
				CLANG_WARN_DEPRECATED_OBJC_IMPLEMENTATIONS = YES;
				CLANG_WARN_DIRECT_OBJC_ISA_USAGE = YES_ERROR;
				CLANG_WARN_DOCUMENTATION_COMMENTS = YES;
				CLANG_WARN_EMPTY_BODY = YES;
				CLANG_WARN_ENUM_CONVERSION = YES;
				CLANG_WARN_INFINITE_RECURSION = YES;
				CLANG_WARN_INT_CONVERSION = YES;
				CLANG_WARN_NON_LITERAL_NULL_CONVERSION = YES;
				CLANG_WARN_OBJC_IMPLICIT_RETAIN_SELF = YES;
				CLANG_WARN_OBJC_LITERAL_CONVERSION = YES;
				CLANG_WARN_OBJC_ROOT_CLASS = YES_ERROR;
				CLANG_WARN_QUOTED_INCLUDE_IN_FRAMEWORK_HEADER = YES;
				CLANG_WARN_RANGE_LOOP_ANALYSIS = YES;
				CLANG_WARN_STRICT_PROTOTYPES = YES;
				CLANG_WARN_SUSPICIOUS_MOVE = YES;
				CLANG_WARN_UNGUARDED_AVAILABILITY = YES_AGGRESSIVE;
				CLANG_WARN_UNREACHABLE_CODE = YES;
				CLANG_WARN__DUPLICATE_METHOD_MATCH = YES;
				COPY_PHASE_STRIP = NO;
				DEBUG_INFORMATION_FORMAT = "dwarf-with-dsym";
				ENABLE_NS_ASSERTIONS = NO;
				ENABLE_STRICT_OBJC_MSGSEND = YES;
				GCC_C_LANGUAGE_STANDARD = gnu11;
				GCC_NO_COMMON_BLOCKS = YES;
				GCC_WARN_64_TO_32_BIT_CONVERSION = YES;
				GCC_WARN_ABOUT_RETURN_TYPE = YES_ERROR;
				GCC_WARN_UNDECLARED_SELECTOR = YES;
				GCC_WARN_UNINITIALIZED_AUTOS = YES_AGGRESSIVE;
				GCC_WARN_UNUSED_FUNCTION = YES;
				GCC_WARN_UNUSED_VARIABLE = YES;
				IPHONEOS_DEPLOYMENT_TARGET = 14.2;
				MTL_ENABLE_DEBUG_INFO = NO;
				MTL_FAST_MATH = YES;
				SDKROOT = iphoneos;
				SWIFT_COMPILATION_MODE = wholemodule;
				SWIFT_OPTIMIZATION_LEVEL = "-O";
				VALIDATE_PRODUCT = YES;
			};
			name = Release;
		};
		1FA1C4C22679AB5900F29477 /* Debug */ = {
			isa = XCBuildConfiguration;
			buildSettings = {
				ASSETCATALOG_COMPILER_APPICON_NAME = AppIcon;
				ASSETCATALOG_COMPILER_GLOBAL_ACCENT_COLOR_NAME = AccentColor;
				CODE_SIGN_STYLE = Automatic;
				DEVELOPMENT_TEAM = 2LTFKU9364;
				INFOPLIST_FILE = "Swift-Processing-Template-w-Playground/Info.plist";
				LD_RUNPATH_SEARCH_PATHS = (
					"$(inherited)",
					"@executable_path/Frameworks",
				);
				PRODUCT_BUNDLE_IDENTIFIER = "com.swiftprocessing.com.Swift-Processing-Template-w-Playground";
				PRODUCT_NAME = "$(TARGET_NAME)";
				SWIFT_VERSION = 5.0;
				TARGETED_DEVICE_FAMILY = "1,2";
			};
			name = Debug;
		};
		1FA1C4C32679AB5900F29477 /* Release */ = {
			isa = XCBuildConfiguration;
			buildSettings = {
				ASSETCATALOG_COMPILER_APPICON_NAME = AppIcon;
				ASSETCATALOG_COMPILER_GLOBAL_ACCENT_COLOR_NAME = AccentColor;
				CODE_SIGN_STYLE = Automatic;
				DEVELOPMENT_TEAM = 2LTFKU9364;
				INFOPLIST_FILE = "Swift-Processing-Template-w-Playground/Info.plist";
				LD_RUNPATH_SEARCH_PATHS = (
					"$(inherited)",
					"@executable_path/Frameworks",
				);
				PRODUCT_BUNDLE_IDENTIFIER = "com.swiftprocessing.com.Swift-Processing-Template-w-Playground";
				PRODUCT_NAME = "$(TARGET_NAME)";
				SWIFT_VERSION = 5.0;
				TARGETED_DEVICE_FAMILY = "1,2";
			};
			name = Release;
		};
/* End XCBuildConfiguration section */

/* Begin XCConfigurationList section */
		1FA1C4A82679AB5800F29477 /* Build configuration list for PBXProject "Swift-Processing-Template-w-Playground" */ = {
			isa = XCConfigurationList;
			buildConfigurations = (
				1FA1C4BF2679AB5900F29477 /* Debug */,
				1FA1C4C02679AB5900F29477 /* Release */,
			);
			defaultConfigurationIsVisible = 0;
			defaultConfigurationName = Release;
		};
		1FA1C4C12679AB5900F29477 /* Build configuration list for PBXNativeTarget "Swift-Processing-Template-w-Playground" */ = {
			isa = XCConfigurationList;
			buildConfigurations = (
				1FA1C4C22679AB5900F29477 /* Debug */,
				1FA1C4C32679AB5900F29477 /* Release */,
			);
			defaultConfigurationIsVisible = 0;
			defaultConfigurationName = Release;
		};
/* End XCConfigurationList section */

/* Begin XCRemoteSwiftPackageReference section */
		1FA1C4C52679AD1D00F29477 /* XCRemoteSwiftPackageReference "SwiftProcessing" */ = {
			isa = XCRemoteSwiftPackageReference;
			repositoryURL = "https://github.com/jjkaufman/SwiftProcessing.git";
			requirement = {
				branch = master;
				kind = branch;
			};
		};
/* End XCRemoteSwiftPackageReference section */

/* Begin XCSwiftPackageProductDependency section */
		1FA1C4C62679AD1D00F29477 /* SwiftProcessing */ = {
			isa = XCSwiftPackageProductDependency;
			package = 1FA1C4C52679AD1D00F29477 /* XCRemoteSwiftPackageReference "SwiftProcessing" */;
			productName = SwiftProcessing;
		};
/* End XCSwiftPackageProductDependency section */
	};
	rootObject = 1FA1C4A52679AB5800F29477 /* Project object */;
}
