{
  "object": {
    "pins": [
      {
        "package": "SwiftProcessing",
        "repositoryURL": "https://github.com/masoodkamandy/SwiftProcessing",
        "state": {
          "branch": "main",
          "revision": "a6e10d6cc424e1025ae87774e9bc7d09acbfcdbd",
          "version": null
        }
      }
    ]
  },
  "version": 1
}
