{
  "pins" : [
    {
      "identity" : "swiftprocessing",
      "kind" : "remoteSourceControl",
      "location" : "https://github.com/masoodkamandy/SwiftProcessing",
      "state" : {
        "branch" : "main",
        "revision" : "5416838307c489190b5236c4c77bf279481b2e94"
      }
    }
  ],
  "version" : 2
}
