{
  "object": {
    "pins": [
      {
        "package": "SwiftProcessing",
        "repositoryURL": "https://github.com/masoodkamandy/SwiftProcessing",
        "state": {
          "branch": "main",
          "revision": "77772e3f04256f616b76a8b5a8cf28d648ad1f06",
          "version": null
        }
      }
    ]
  },
  "version": 1
}
